{"is_source_file": false, "format": "", "description": "", "external_files": [], "external_methods": [], "published": [], "classes": [], "methods": [], "calls": [], "search-terms": [], "state": 2, "file_id": 16, "knowledge_revision": 31, "git_revision": "9f519a8df4ea85c277c01bc9e20010299185a786", "hash": "9c4ed7ef73e22b872b8055bec08b8979", "format-version": 4, "code-base-name": "default", "filename": "teeko_game/post_process_status.lock", "revision_history": [{"31": "9f519a8df4ea85c277c01bc9e20010299185a786"}]}